<?xml version="1.0" encoding="utf-8"?>
<Project ToolsVersion="4.0" xmlns="http://schemas.microsoft.com/developer/msbuild/2003">
  <ItemGroup>
    <Filter Include="Source Files">
      <UniqueIdentifier>{4FC737F1-C7A5-4376-A066-2A32D752A2FF}</UniqueIdentifier>
      <Extensions>cpp;c;cc;cxx;c++;cppm;ixx;def;odl;idl;hpj;bat;asm;asmx</Extensions>
    </Filter>
    <Filter Include="Header Files">
      <UniqueIdentifier>{93995380-89BD-4b04-88EB-625FBE52EBFB}</UniqueIdentifier>
      <Extensions>h;hh;hpp;hxx;h++;hm;inl;inc;ipp;xsd</Extensions>
    </Filter>
    <Filter Include="Resource Files">
      <UniqueIdentifier>{67DA6AB6-F800-4c08-8B7A-83BB121AAD01}</UniqueIdentifier>
      <Extensions>rc;ico;cur;bmp;dlg;rc2;rct;bin;rgs;gif;jpg;jpeg;jpe;resx;tiff;tif;png;wav;mfcribbon-ms</Extensions>
    </Filter>
    <Filter Include="Resource Files\gfx">
      <UniqueIdentifier>{594d0ef0-acb6-4ab5-a82f-7e3bd001e10f}</UniqueIdentifier>
    </Filter>
    <Filter Include="Resource Files\font">
      <UniqueIdentifier>{e7af3a0f-9dd4-4b3e-9b3a-8a031d729de1}</UniqueIdentifier>
    </Filter>
  </ItemGroup>
  <ItemGroup>
    <ClInclude Include="renderer.h">
      <Filter>Header Files</Filter>
    </ClInclude>
    <ClInclude Include="controller.h">
      <Filter>Header Files</Filter>
    </ClInclude>
    <ClInclude Include="game.h">
      <Filter>Header Files</Filter>
    </ClInclude>
    <ClInclude Include="entity.h">
      <Filter>Header Files</Filter>
    </ClInclude>
    <ClInclude Include="defs.h">
      <Filter>Header Files</Filter>
    </ClInclude>
  </ItemGroup>
  <ItemGroup>
    <ClCompile Include="renderer.cpp">
      <Filter>Source Files</Filter>
    </ClCompile>
    <ClCompile Include="controller.cpp">
      <Filter>Source Files</Filter>
    </ClCompile>
    <ClCompile Include="main.cpp">
      <Filter>Source Files</Filter>
    </ClCompile>
    <ClCompile Include="game.cpp">
      <Filter>Source Files</Filter>
    </ClCompile>
    <ClCompile Include="entity.cpp">
      <Filter>Source Files</Filter>
    </ClCompile>
  </ItemGroup>
  <ItemGroup>
    <Image Include="gfx\alienBullet.png">
      <Filter>Resource Files\gfx</Filter>
    </Image>
    <Image Include="gfx\enemy.png">
      <Filter>Resource Files\gfx</Filter>
    </Image>
    <Image Include="gfx\player.png">
      <Filter>Resource Files\gfx</Filter>
    </Image>
    <Image Include="gfx\playerBullet.png">
      <Filter>Resource Files\gfx</Filter>
    </Image>
    <Image Include="gfx\font.png">
      <Filter>Resource Files\gfx</Filter>
    </Image>
    <Image Include="gfx\background.jpg">
      <Filter>Resource Files\gfx</Filter>
    </Image>
  </ItemGroup>
  <ItemGroup>
    <Font Include="font\bgfont.ttf">
      <Filter>Resource Files\font</Filter>
    </Font>
    <Font Include="font\font.ttf">
      <Filter>Resource Files\font</Filter>
    </Font>
  </ItemGroup>
</Project>